
Microsoft Visual Studio Solution File, Format Version 12.00
# Visual Studio Version 16
VisualStudioVersion = 16.0.30011.22
MinimumVisualStudioVersion = 10.0.40219.1
Project("{2150E333-8FDC-42A3-9474-1A3956D46DE8}") = "Solution Items", "Solution Items", "{E4987B12-1689-45D6-836F-47C9309204C0}"
EndProject
Project("{2150E333-8FDC-42A3-9474-1A3956D46DE8}") = "src", "src", "{BD76E79F-16BF-4E98-ADB2-FC25C34C52D5}"
EndProject
Project("{2150E333-8FDC-42A3-9474-1A3956D46DE8}") = "Services", "Services", "{3D062F23-960A-4A5A-8BAE-3EE640144375}"
EndProject
Project("{2150E333-8FDC-42A3-9474-1A3956D46DE8}") = "BuildingBlocks", "BuildingBlocks", "{2F2B7AC3-2196-4977-A864-784C068F8C91}"
EndProject
Project("{2150E333-8FDC-42A3-9474-1A3956D46DE8}") = "Commons", "Commons", "{9E3595E5-2126-424E-9C09-56004208090D}"
EndProject
Project("{2150E333-8FDC-42A3-9474-1A3956D46DE8}") = "EventBus", "EventBus", "{834A6813-895C-450E-83E3-CBDEA63DAC0F}"
EndProject
Project("{9A19103F-16F7-4668-BE54-9A1E7A4F7556}") = "MicroBank.Common", "MicroBank.Common\MicroBank.Common.csproj", "{57C0B780-3465-4F0C-A79C-CC0D1F03E4DD}"
EndProject
Project("{9A19103F-16F7-4668-BE54-9A1E7A4F7556}") = "MicroBank.EventBus", "MicroBank.EventBus\MicroBank.EventBus.csproj", "{99C94564-FDCD-413D-AF9A-9404C992BCA7}"
EndProject
Project("{9A19103F-16F7-4668-BE54-9A1E7A4F7556}") = "MicroBank.EventBusServiceBus", "MicroBank.EventBusServiceBus\MicroBank.EventBusServiceBus.csproj", "{594E0AE0-BF95-4724-A21F-F4A3555D00C0}"
EndProject
Project("{2150E333-8FDC-42A3-9474-1A3956D46DE8}") = "Identity", "Identity", "{ED6E174D-FB3E-416C-9ABE-765566F9BF70}"
EndProject
Project("{9A19103F-16F7-4668-BE54-9A1E7A4F7556}") = "Identity.Api", "Identity.Api\Identity.Api.csproj", "{C9B5234A-4EE7-402A-9301-94F985B19D3A}"
EndProject
Project("{9A19103F-16F7-4668-BE54-9A1E7A4F7556}") = "Identity.Core", "Identity.Core\Identity.Core.csproj", "{46D11E95-5E00-4570-B397-057E17E7E77D}"
EndProject
Project("{9A19103F-16F7-4668-BE54-9A1E7A4F7556}") = "Identity.Infrastructure", "Identity.Infrastructure\Identity.Infrastructure.csproj", "{695CF894-C901-48BD-A589-B7EB673A79F9}"
EndProject
Project("{E53339B2-1760-4266-BCC7-CA923CBCF16C}") = "docker-compose", "docker-compose.dcproj", "{77998E8B-02FF-40AC-B233-124605E9EE3F}"
EndProject
Project("{2150E333-8FDC-42A3-9474-1A3956D46DE8}") = "Organisation", "Organisation", "{6B1181E9-BAED-480C-B741-0828B6565824}"
EndProject
Project("{2150E333-8FDC-42A3-9474-1A3956D46DE8}") = "Client", "Client", "{26724575-4A4E-42C8-829E-5C94C0E5DAC5}"
EndProject
Project("{FAE04EC0-301F-11D3-BF4B-00C04F79EFBC}") = "Organisation.Core", "Organisation.Core\Organisation.Core.csproj", "{CFA9559E-4A21-4C42-BB3C-933224B173AC}"
EndProject
Project("{FAE04EC0-301F-11D3-BF4B-00C04F79EFBC}") = "Organisation.Infrastructure", "Organisation.Infrastructure\Organisation.Infrastructure.csproj", "{7761B2E0-0CC5-41C7-AE95-8CE3B9BAFEAF}"
EndProject
Project("{FAE04EC0-301F-11D3-BF4B-00C04F79EFBC}") = "Organisation.Api", "Organisation.Api\Organisation.Api.csproj", "{90EBC65F-102A-4740-B07C-82B74D7A00AF}"
EndProject
Project("{FAE04EC0-301F-11D3-BF4B-00C04F79EFBC}") = "Client.Core", "..\Client.Core\Client.Core.csproj", "{8027F7DB-F231-46A5-954A-7338138A93DA}"
EndProject
Project("{FAE04EC0-301F-11D3-BF4B-00C04F79EFBC}") = "Client.Infrastructure", "..\Client.Infrastructure\Client.Infrastructure.csproj", "{C099D152-A127-4E98-9AD7-039F0DADA6D2}"
EndProject
Project("{FAE04EC0-301F-11D3-BF4B-00C04F79EFBC}") = "Client.Api", "..\Client.Api\Client.Api.csproj", "{843AA5E8-F3C1-4867-9A81-CAF622A6D8D9}"
EndProject
Global
	GlobalSection(SolutionConfigurationPlatforms) = preSolution
		Debug|Any CPU = Debug|Any CPU
		Release|Any CPU = Release|Any CPU
	EndGlobalSection
	GlobalSection(ProjectConfigurationPlatforms) = postSolution
		{57C0B780-3465-4F0C-A79C-CC0D1F03E4DD}.Debug|Any CPU.ActiveCfg = Debug|Any CPU
		{57C0B780-3465-4F0C-A79C-CC0D1F03E4DD}.Debug|Any CPU.Build.0 = Debug|Any CPU
		{57C0B780-3465-4F0C-A79C-CC0D1F03E4DD}.Release|Any CPU.ActiveCfg = Release|Any CPU
		{57C0B780-3465-4F0C-A79C-CC0D1F03E4DD}.Release|Any CPU.Build.0 = Release|Any CPU
		{99C94564-FDCD-413D-AF9A-9404C992BCA7}.Debug|Any CPU.ActiveCfg = Debug|Any CPU
		{99C94564-FDCD-413D-AF9A-9404C992BCA7}.Debug|Any CPU.Build.0 = Debug|Any CPU
		{99C94564-FDCD-413D-AF9A-9404C992BCA7}.Release|Any CPU.ActiveCfg = Release|Any CPU
		{99C94564-FDCD-413D-AF9A-9404C992BCA7}.Release|Any CPU.Build.0 = Release|Any CPU
		{594E0AE0-BF95-4724-A21F-F4A3555D00C0}.Debug|Any CPU.ActiveCfg = Debug|Any CPU
		{594E0AE0-BF95-4724-A21F-F4A3555D00C0}.Debug|Any CPU.Build.0 = Debug|Any CPU
		{594E0AE0-BF95-4724-A21F-F4A3555D00C0}.Release|Any CPU.ActiveCfg = Release|Any CPU
		{594E0AE0-BF95-4724-A21F-F4A3555D00C0}.Release|Any CPU.Build.0 = Release|Any CPU
		{C9B5234A-4EE7-402A-9301-94F985B19D3A}.Debug|Any CPU.ActiveCfg = Debug|Any CPU
		{C9B5234A-4EE7-402A-9301-94F985B19D3A}.Debug|Any CPU.Build.0 = Debug|Any CPU
		{C9B5234A-4EE7-402A-9301-94F985B19D3A}.Release|Any CPU.ActiveCfg = Release|Any CPU
		{C9B5234A-4EE7-402A-9301-94F985B19D3A}.Release|Any CPU.Build.0 = Release|Any CPU
		{46D11E95-5E00-4570-B397-057E17E7E77D}.Debug|Any CPU.ActiveCfg = Debug|Any CPU
		{46D11E95-5E00-4570-B397-057E17E7E77D}.Debug|Any CPU.Build.0 = Debug|Any CPU
		{46D11E95-5E00-4570-B397-057E17E7E77D}.Release|Any CPU.ActiveCfg = Release|Any CPU
		{46D11E95-5E00-4570-B397-057E17E7E77D}.Release|Any CPU.Build.0 = Release|Any CPU
		{695CF894-C901-48BD-A589-B7EB673A79F9}.Debug|Any CPU.ActiveCfg = Debug|Any CPU
		{695CF894-C901-48BD-A589-B7EB673A79F9}.Debug|Any CPU.Build.0 = Debug|Any CPU
		{695CF894-C901-48BD-A589-B7EB673A79F9}.Release|Any CPU.ActiveCfg = Release|Any CPU
		{695CF894-C901-48BD-A589-B7EB673A79F9}.Release|Any CPU.Build.0 = Release|Any CPU
		{77998E8B-02FF-40AC-B233-124605E9EE3F}.Debug|Any CPU.ActiveCfg = Debug|Any CPU
		{77998E8B-02FF-40AC-B233-124605E9EE3F}.Debug|Any CPU.Build.0 = Debug|Any CPU
		{77998E8B-02FF-40AC-B233-124605E9EE3F}.Release|Any CPU.ActiveCfg = Release|Any CPU
		{77998E8B-02FF-40AC-B233-124605E9EE3F}.Release|Any CPU.Build.0 = Release|Any CPU
		{CFA9559E-4A21-4C42-BB3C-933224B173AC}.Debug|Any CPU.ActiveCfg = Debug|Any CPU
		{CFA9559E-4A21-4C42-BB3C-933224B173AC}.Debug|Any CPU.Build.0 = Debug|Any CPU
		{CFA9559E-4A21-4C42-BB3C-933224B173AC}.Release|Any CPU.ActiveCfg = Release|Any CPU
		{CFA9559E-4A21-4C42-BB3C-933224B173AC}.Release|Any CPU.Build.0 = Release|Any CPU
		{7761B2E0-0CC5-41C7-AE95-8CE3B9BAFEAF}.Debug|Any CPU.ActiveCfg = Debug|Any CPU
		{7761B2E0-0CC5-41C7-AE95-8CE3B9BAFEAF}.Debug|Any CPU.Build.0 = Debug|Any CPU
		{7761B2E0-0CC5-41C7-AE95-8CE3B9BAFEAF}.Release|Any CPU.ActiveCfg = Release|Any CPU
		{7761B2E0-0CC5-41C7-AE95-8CE3B9BAFEAF}.Release|Any CPU.Build.0 = Release|Any CPU
		{90EBC65F-102A-4740-B07C-82B74D7A00AF}.Debug|Any CPU.ActiveCfg = Debug|Any CPU
		{90EBC65F-102A-4740-B07C-82B74D7A00AF}.Debug|Any CPU.Build.0 = Debug|Any CPU
		{90EBC65F-102A-4740-B07C-82B74D7A00AF}.Release|Any CPU.ActiveCfg = Release|Any CPU
		{90EBC65F-102A-4740-B07C-82B74D7A00AF}.Release|Any CPU.Build.0 = Release|Any CPU
		{8027F7DB-F231-46A5-954A-7338138A93DA}.Debug|Any CPU.ActiveCfg = Debug|Any CPU
		{8027F7DB-F231-46A5-954A-7338138A93DA}.Debug|Any CPU.Build.0 = Debug|Any CPU
		{8027F7DB-F231-46A5-954A-7338138A93DA}.Release|Any CPU.ActiveCfg = Release|Any CPU
		{8027F7DB-F231-46A5-954A-7338138A93DA}.Release|Any CPU.Build.0 = Release|Any CPU
		{C099D152-A127-4E98-9AD7-039F0DADA6D2}.Debug|Any CPU.ActiveCfg = Debug|Any CPU
		{C099D152-A127-4E98-9AD7-039F0DADA6D2}.Debug|Any CPU.Build.0 = Debug|Any CPU
		{C099D152-A127-4E98-9AD7-039F0DADA6D2}.Release|Any CPU.ActiveCfg = Release|Any CPU
		{C099D152-A127-4E98-9AD7-039F0DADA6D2}.Release|Any CPU.Build.0 = Release|Any CPU
		{843AA5E8-F3C1-4867-9A81-CAF622A6D8D9}.Debug|Any CPU.ActiveCfg = Debug|Any CPU
		{843AA5E8-F3C1-4867-9A81-CAF622A6D8D9}.Debug|Any CPU.Build.0 = Debug|Any CPU
		{843AA5E8-F3C1-4867-9A81-CAF622A6D8D9}.Release|Any CPU.ActiveCfg = Release|Any CPU
		{843AA5E8-F3C1-4867-9A81-CAF622A6D8D9}.Release|Any CPU.Build.0 = Release|Any CPU
	EndGlobalSection
	GlobalSection(SolutionProperties) = preSolution
		HideSolutionNode = FALSE
	EndGlobalSection
	GlobalSection(NestedProjects) = preSolution
		{3D062F23-960A-4A5A-8BAE-3EE640144375} = {BD76E79F-16BF-4E98-ADB2-FC25C34C52D5}
		{2F2B7AC3-2196-4977-A864-784C068F8C91} = {BD76E79F-16BF-4E98-ADB2-FC25C34C52D5}
		{9E3595E5-2126-424E-9C09-56004208090D} = {2F2B7AC3-2196-4977-A864-784C068F8C91}
		{834A6813-895C-450E-83E3-CBDEA63DAC0F} = {2F2B7AC3-2196-4977-A864-784C068F8C91}
		{57C0B780-3465-4F0C-A79C-CC0D1F03E4DD} = {9E3595E5-2126-424E-9C09-56004208090D}
		{99C94564-FDCD-413D-AF9A-9404C992BCA7} = {834A6813-895C-450E-83E3-CBDEA63DAC0F}
		{594E0AE0-BF95-4724-A21F-F4A3555D00C0} = {834A6813-895C-450E-83E3-CBDEA63DAC0F}
		{ED6E174D-FB3E-416C-9ABE-765566F9BF70} = {3D062F23-960A-4A5A-8BAE-3EE640144375}
		{C9B5234A-4EE7-402A-9301-94F985B19D3A} = {ED6E174D-FB3E-416C-9ABE-765566F9BF70}
		{46D11E95-5E00-4570-B397-057E17E7E77D} = {ED6E174D-FB3E-416C-9ABE-765566F9BF70}
		{695CF894-C901-48BD-A589-B7EB673A79F9} = {ED6E174D-FB3E-416C-9ABE-765566F9BF70}
		{6B1181E9-BAED-480C-B741-0828B6565824} = {3D062F23-960A-4A5A-8BAE-3EE640144375}
		{26724575-4A4E-42C8-829E-5C94C0E5DAC5} = {3D062F23-960A-4A5A-8BAE-3EE640144375}
		{CFA9559E-4A21-4C42-BB3C-933224B173AC} = {6B1181E9-BAED-480C-B741-0828B6565824}
		{7761B2E0-0CC5-41C7-AE95-8CE3B9BAFEAF} = {6B1181E9-BAED-480C-B741-0828B6565824}
		{90EBC65F-102A-4740-B07C-82B74D7A00AF} = {6B1181E9-BAED-480C-B741-0828B6565824}
		{8027F7DB-F231-46A5-954A-7338138A93DA} = {26724575-4A4E-42C8-829E-5C94C0E5DAC5}
		{C099D152-A127-4E98-9AD7-039F0DADA6D2} = {26724575-4A4E-42C8-829E-5C94C0E5DAC5}
		{843AA5E8-F3C1-4867-9A81-CAF622A6D8D9} = {26724575-4A4E-42C8-829E-5C94C0E5DAC5}
	EndGlobalSection
	GlobalSection(ExtensibilityGlobals) = postSolution
		SolutionGuid = {34A0C52C-F69E-4E6A-A51C-9E5F8C216899}
	EndGlobalSection
EndGlobal
